// !$*UTF8*$!
{
	archiveVersion = 1;
	classes = {
	};
	objectVersion = 56;
	objects = {

/* Begin PBXBuildFile section */
		460440642BDD0B5B0000A13A /* SwiftUIThinkingBootcampApp.swift in Sources */ = {isa = PBXBuildFile; fileRef = 460440632BDD0B5B0000A13A /* SwiftUIThinkingBootcampApp.swift */; };
		460440662BDD0B5B0000A13A /* ContentView.swift in Sources */ = {isa = PBXBuildFile; fileRef = 460440652BDD0B5B0000A13A /* ContentView.swift */; };
		460440682BDD0B5D0000A13A /* Assets.xcassets in Resources */ = {isa = PBXBuildFile; fileRef = 460440672BDD0B5D0000A13A /* Assets.xcassets */; };
		4604406B2BDD0B5D0000A13A /* Preview Assets.xcassets in Resources */ = {isa = PBXBuildFile; fileRef = 4604406A2BDD0B5D0000A13A /* Preview Assets.xcassets */; };
		460440732BDD0C2D0000A13A /* TextBootCamp.swift in Sources */ = {isa = PBXBuildFile; fileRef = 460440722BDD0C2D0000A13A /* TextBootCamp.swift */; };
		460440752BDD0FAD0000A13A /* ShapesBootCamp.swift in Sources */ = {isa = PBXBuildFile; fileRef = 460440742BDD0FAD0000A13A /* ShapesBootCamp.swift */; };
		460440772BDE38AD0000A13A /* ColorBootCamp.swift in Sources */ = {isa = PBXBuildFile; fileRef = 460440762BDE38AD0000A13A /* ColorBootCamp.swift */; };
		460440792BDE3D160000A13A /* GradientsBootCamp.swift in Sources */ = {isa = PBXBuildFile; fileRef = 460440782BDE3D160000A13A /* GradientsBootCamp.swift */; };
		4604407B2BDE47330000A13A /* IconBootCamp.swift in Sources */ = {isa = PBXBuildFile; fileRef = 4604407A2BDE47330000A13A /* IconBootCamp.swift */; };
		4604407D2BDE4BDB0000A13A /* ImageBootCamp.swift in Sources */ = {isa = PBXBuildFile; fileRef = 4604407C2BDE4BDB0000A13A /* ImageBootCamp.swift */; };
		4604407F2BDE566F0000A13A /* FramesBootCamp.swift in Sources */ = {isa = PBXBuildFile; fileRef = 4604407E2BDE566E0000A13A /* FramesBootCamp.swift */; };
		460440832BDE5B580000A13A /* BackgroundsAndOverlaysBootCamp.swift in Sources */ = {isa = PBXBuildFile; fileRef = 460440822BDE5B580000A13A /* BackgroundsAndOverlaysBootCamp.swift */; };
/* End PBXBuildFile section */

/* Begin PBXFileReference section */
		460440602BDD0B5B0000A13A /* SwiftUIThinkingBootcamp.app */ = {isa = PBXFileReference; explicitFileType = wrapper.application; includeInIndex = 0; path = SwiftUIThinkingBootcamp.app; sourceTree = BUILT_PRODUCTS_DIR; };
		460440632BDD0B5B0000A13A /* SwiftUIThinkingBootcampApp.swift */ = {isa = PBXFileReference; lastKnownFileType = sourcecode.swift; path = SwiftUIThinkingBootcampApp.swift; sourceTree = "<group>"; };
		460440652BDD0B5B0000A13A /* ContentView.swift */ = {isa = PBXFileReference; lastKnownFileType = sourcecode.swift; path = ContentView.swift; sourceTree = "<group>"; };
		460440672BDD0B5D0000A13A /* Assets.xcassets */ = {isa = PBXFileReference; lastKnownFileType = folder.assetcatalog; path = Assets.xcassets; sourceTree = "<group>"; };
		4604406A2BDD0B5D0000A13A /* Preview Assets.xcassets */ = {isa = PBXFileReference; lastKnownFileType = folder.assetcatalog; path = "Preview Assets.xcassets"; sourceTree = "<group>"; };
		460440722BDD0C2D0000A13A /* TextBootCamp.swift */ = {isa = PBXFileReference; lastKnownFileType = sourcecode.swift; path = TextBootCamp.swift; sourceTree = "<group>"; };
		460440742BDD0FAD0000A13A /* ShapesBootCamp.swift */ = {isa = PBXFileReference; lastKnownFileType = sourcecode.swift; path = ShapesBootCamp.swift; sourceTree = "<group>"; };
		460440762BDE38AD0000A13A /* ColorBootCamp.swift */ = {isa = PBXFileReference; lastKnownFileType = sourcecode.swift; path = ColorBootCamp.swift; sourceTree = "<group>"; };
		460440782BDE3D160000A13A /* GradientsBootCamp.swift */ = {isa = PBXFileReference; lastKnownFileType = sourcecode.swift; path = GradientsBootCamp.swift; sourceTree = "<group>"; };
		4604407A2BDE47330000A13A /* IconBootCamp.swift */ = {isa = PBXFileReference; lastKnownFileType = sourcecode.swift; path = IconBootCamp.swift; sourceTree = "<group>"; };
		4604407C2BDE4BDB0000A13A /* ImageBootCamp.swift */ = {isa = PBXFileReference; lastKnownFileType = sourcecode.swift; path = ImageBootCamp.swift; sourceTree = "<group>"; };
		4604407E2BDE566E0000A13A /* FramesBootCamp.swift */ = {isa = PBXFileReference; lastKnownFileType = sourcecode.swift; path = FramesBootCamp.swift; sourceTree = "<group>"; };
		460440822BDE5B580000A13A /* BackgroundsAndOverlaysBootCamp.swift */ = {isa = PBXFileReference; lastKnownFileType = sourcecode.swift; path = BackgroundsAndOverlaysBootCamp.swift; sourceTree = "<group>"; };
/* End PBXFileReference section */

/* Begin PBXFrameworksBuildPhase section */
		4604405D2BDD0B5B0000A13A /* Frameworks */ = {
			isa = PBXFrameworksBuildPhase;
			buildActionMask = 2147483647;
			files = (
			);
			runOnlyForDeploymentPostprocessing = 0;
		};
/* End PBXFrameworksBuildPhase section */

/* Begin PBXGroup section */
		460440572BDD0B5B0000A13A = {
			isa = PBXGroup;
			children = (
				460440622BDD0B5B0000A13A /* SwiftUIThinkingBootcamp */,
				460440612BDD0B5B0000A13A /* Products */,
			);
			sourceTree = "<group>";
		};
		460440612BDD0B5B0000A13A /* Products */ = {
			isa = PBXGroup;
			children = (
				460440602BDD0B5B0000A13A /* SwiftUIThinkingBootcamp.app */,
			);
			name = Products;
			sourceTree = "<group>";
		};
		460440622BDD0B5B0000A13A /* SwiftUIThinkingBootcamp */ = {
			isa = PBXGroup;
			children = (
				460440712BDD0C130000A13A /* Src */,
				460440632BDD0B5B0000A13A /* SwiftUIThinkingBootcampApp.swift */,
				460440652BDD0B5B0000A13A /* ContentView.swift */,
				460440672BDD0B5D0000A13A /* Assets.xcassets */,
				460440692BDD0B5D0000A13A /* Preview Content */,
			);
			path = SwiftUIThinkingBootcamp;
			sourceTree = "<group>";
		};
		460440692BDD0B5D0000A13A /* Preview Content */ = {
			isa = PBXGroup;
			children = (
				4604406A2BDD0B5D0000A13A /* Preview Assets.xcassets */,
			);
			path = "Preview Content";
			sourceTree = "<group>";
		};
		460440712BDD0C130000A13A /* Src */ = {
			isa = PBXGroup;
			children = (
				460440722BDD0C2D0000A13A /* TextBootCamp.swift */,
				460440742BDD0FAD0000A13A /* ShapesBootCamp.swift */,
				460440762BDE38AD0000A13A /* ColorBootCamp.swift */,
				460440782BDE3D160000A13A /* GradientsBootCamp.swift */,
				4604407A2BDE47330000A13A /* IconBootCamp.swift */,
				4604407C2BDE4BDB0000A13A /* ImageBootCamp.swift */,
				4604407E2BDE566E0000A13A /* FramesBootCamp.swift */,
				460440822BDE5B580000A13A /* BackgroundsAndOverlaysBootCamp.swift */,
			);
			path = Src;
			sourceTree = "<group>";
		};
/* End PBXGroup section */

/* Begin PBXNativeTarget section */
		4604405F2BDD0B5B0000A13A /* SwiftUIThinkingBootcamp */ = {
			isa = PBXNativeTarget;
			buildConfigurationList = 4604406E2BDD0B5D0000A13A /* Build configuration list for PBXNativeTarget "SwiftUIThinkingBootcamp" */;
			buildPhases = (
				4604405C2BDD0B5B0000A13A /* Sources */,
				4604405D2BDD0B5B0000A13A /* Frameworks */,
				4604405E2BDD0B5B0000A13A /* Resources */,
			);
			buildRules = (
			);
			dependencies = (
			);
			name = SwiftUIThinkingBootcamp;
			productName = SwiftUIThinkingBootcamp;
			productReference = 460440602BDD0B5B0000A13A /* SwiftUIThinkingBootcamp.app */;
			productType = "com.apple.product-type.application";
		};
/* End PBXNativeTarget section */

/* Begin PBXProject section */
		460440582BDD0B5B0000A13A /* Project object */ = {
			isa = PBXProject;
			attributes = {
				BuildIndependentTargetsInParallel = 1;
				LastSwiftUpdateCheck = 1530;
				LastUpgradeCheck = 1530;
				TargetAttributes = {
					4604405F2BDD0B5B0000A13A = {
						CreatedOnToolsVersion = 15.3;
					};
				};
			};
			buildConfigurationList = 4604405B2BDD0B5B0000A13A /* Build configuration list for PBXProject "SwiftUIThinkingBootcamp" */;
			compatibilityVersion = "Xcode 14.0";
			developmentRegion = en;
			hasScannedForEncodings = 0;
			knownRegions = (
				en,
				Base,
			);
			mainGroup = 460440572BDD0B5B0000A13A;
			productRefGroup = 460440612BDD0B5B0000A13A /* Products */;
			projectDirPath = "";
			projectRoot = "";
			targets = (
				4604405F2BDD0B5B0000A13A /* SwiftUIThinkingBootcamp */,
			);
		};
/* End PBXProject section */

/* Begin PBXResourcesBuildPhase section */
		4604405E2BDD0B5B0000A13A /* Resources */ = {
			isa = PBXResourcesBuildPhase;
			buildActionMask = 2147483647;
			files = (
				4604406B2BDD0B5D0000A13A /* Preview Assets.xcassets in Resources */,
				460440682BDD0B5D0000A13A /* Assets.xcassets in Resources */,
			);
			runOnlyForDeploymentPostprocessing = 0;
		};
/* End PBXResourcesBuildPhase section */

/* Begin PBXSourcesBuildPhase section */
		4604405C2BDD0B5B0000A13A /* Sources */ = {
			isa = PBXSourcesBuildPhase;
			buildActionMask = 2147483647;
			files = (
				460440752BDD0FAD0000A13A /* ShapesBootCamp.swift in Sources */,
				460440662BDD0B5B0000A13A /* ContentView.swift in Sources */,
				4604407B2BDE47330000A13A /* IconBootCamp.swift in Sources */,
				460440772BDE38AD0000A13A /* ColorBootCamp.swift in Sources */,
				460440642BDD0B5B0000A13A /* SwiftUIThinkingBootcampApp.swift in Sources */,
				4604407F2BDE566F0000A13A /* FramesBootCamp.swift in Sources */,
				460440792BDE3D160000A13A /* GradientsBootCamp.swift in Sources */,
				4604407D2BDE4BDB0000A13A /* ImageBootCamp.swift in Sources */,
				460440732BDD0C2D0000A13A /* TextBootCamp.swift in Sources */,
				460440832BDE5B580000A13A /* BackgroundsAndOverlaysBootCamp.swift in Sources */,
			);
			runOnlyForDeploymentPostprocessing = 0;
		};
/* End PBXSourcesBuildPhase section */

/* Begin XCBuildConfiguration section */
		4604406C2BDD0B5D0000A13A /* Debug */ = {
			isa = XCBuildConfiguration;
			buildSettings = {
				ALWAYS_SEARCH_USER_PATHS = NO;
				ASSETCATALOG_COMPILER_GENERATE_SWIFT_ASSET_SYMBOL_EXTENSIONS = YES;
				CLANG_ANALYZER_NONNULL = YES;
				CLANG_ANALYZER_NUMBER_OBJECT_CONVERSION = YES_AGGRESSIVE;
				CLANG_CXX_LANGUAGE_STANDARD = "gnu++20";
				CLANG_ENABLE_MODULES = YES;
				CLANG_ENABLE_OBJC_ARC = YES;
				CLANG_ENABLE_OBJC_WEAK = YES;
				CLANG_WARN_BLOCK_CAPTURE_AUTORELEASING = YES;
				CLANG_WARN_BOOL_CONVERSION = YES;
				CLANG_WARN_COMMA = YES;
				CLANG_WARN_CONSTANT_CONVERSION = YES;
				CLANG_WARN_DEPRECATED_OBJC_IMPLEMENTATIONS = YES;
				CLANG_WARN_DIRECT_OBJC_ISA_USAGE = YES_ERROR;
				CLANG_WARN_DOCUMENTATION_COMMENTS = YES;
				CLANG_WARN_EMPTY_BODY = YES;
				CLANG_WARN_ENUM_CONVERSION = YES;
				CLANG_WARN_INFINITE_RECURSION = YES;
				CLANG_WARN_INT_CONVERSION = YES;
				CLANG_WARN_NON_LITERAL_NULL_CONVERSION = YES;
				CLANG_WARN_OBJC_IMPLICIT_RETAIN_SELF = YES;
				CLANG_WARN_OBJC_LITERAL_CONVERSION = YES;
				CLANG_WARN_OBJC_ROOT_CLASS = YES_ERROR;
				CLANG_WARN_QUOTED_INCLUDE_IN_FRAMEWORK_HEADER = YES;
				CLANG_WARN_RANGE_LOOP_ANALYSIS = YES;
				CLANG_WARN_STRICT_PROTOTYPES = YES;
				CLANG_WARN_SUSPICIOUS_MOVE = YES;
				CLANG_WARN_UNGUARDED_AVAILABILITY = YES_AGGRESSIVE;
				CLANG_WARN_UNREACHABLE_CODE = YES;
				CLANG_WARN__DUPLICATE_METHOD_MATCH = YES;
				COPY_PHASE_STRIP = NO;
				DEBUG_INFORMATION_FORMAT = dwarf;
				ENABLE_STRICT_OBJC_MSGSEND = YES;
				ENABLE_TESTABILITY = YES;
				ENABLE_USER_SCRIPT_SANDBOXING = YES;
				GCC_C_LANGUAGE_STANDARD = gnu17;
				GCC_DYNAMIC_NO_PIC = NO;
				GCC_NO_COMMON_BLOCKS = YES;
				GCC_OPTIMIZATION_LEVEL = 0;
				GCC_PREPROCESSOR_DEFINITIONS = (
					"DEBUG=1",
					"$(inherited)",
				);
				GCC_WARN_64_TO_32_BIT_CONVERSION = YES;
				GCC_WARN_ABOUT_RETURN_TYPE = YES_ERROR;
				GCC_WARN_UNDECLARED_SELECTOR = YES;
				GCC_WARN_UNINITIALIZED_AUTOS = YES_AGGRESSIVE;
				GCC_WARN_UNUSED_FUNCTION = YES;
				GCC_WARN_UNUSED_VARIABLE = YES;
				IPHONEOS_DEPLOYMENT_TARGET = 17.4;
				LOCALIZATION_PREFERS_STRING_CATALOGS = YES;
				MTL_ENABLE_DEBUG_INFO = INCLUDE_SOURCE;
				MTL_FAST_MATH = YES;
				ONLY_ACTIVE_ARCH = YES;
				SDKROOT = iphoneos;
				SWIFT_ACTIVE_COMPILATION_CONDITIONS = "DEBUG $(inherited)";
				SWIFT_OPTIMIZATION_LEVEL = "-Onone";
			};
			name = Debug;
		};
		4604406D2BDD0B5D0000A13A /* Release */ = {
			isa = XCBuildConfiguration;
			buildSettings = {
				ALWAYS_SEARCH_USER_PATHS = NO;
				ASSETCATALOG_COMPILER_GENERATE_SWIFT_ASSET_SYMBOL_EXTENSIONS = YES;
				CLANG_ANALYZER_NONNULL = YES;
				CLANG_ANALYZER_NUMBER_OBJECT_CONVERSION = YES_AGGRESSIVE;
				CLANG_CXX_LANGUAGE_STANDARD = "gnu++20";
				CLANG_ENABLE_MODULES = YES;
				CLANG_ENABLE_OBJC_ARC = YES;
				CLANG_ENABLE_OBJC_WEAK = YES;
				CLANG_WARN_BLOCK_CAPTURE_AUTORELEASING = YES;
				CLANG_WARN_BOOL_CONVERSION = YES;
				CLANG_WARN_COMMA = YES;
				CLANG_WARN_CONSTANT_CONVERSION = YES;
				CLANG_WARN_DEPRECATED_OBJC_IMPLEMENTATIONS = YES;
				CLANG_WARN_DIRECT_OBJC_ISA_USAGE = YES_ERROR;
				CLANG_WARN_DOCUMENTATION_COMMENTS = YES;
				CLANG_WARN_EMPTY_BODY = YES;
				CLANG_WARN_ENUM_CONVERSION = YES;
				CLANG_WARN_INFINITE_RECURSION = YES;
				CLANG_WARN_INT_CONVERSION = YES;
				CLANG_WARN_NON_LITERAL_NULL_CONVERSION = YES;
				CLANG_WARN_OBJC_IMPLICIT_RETAIN_SELF = YES;
				CLANG_WARN_OBJC_LITERAL_CONVERSION = YES;
				CLANG_WARN_OBJC_ROOT_CLASS = YES_ERROR;
				CLANG_WARN_QUOTED_INCLUDE_IN_FRAMEWORK_HEADER = YES;
				CLANG_WARN_RANGE_LOOP_ANALYSIS = YES;
				CLANG_WARN_STRICT_PROTOTYPES = YES;
				CLANG_WARN_SUSPICIOUS_MOVE = YES;
				CLANG_WARN_UNGUARDED_AVAILABILITY = YES_AGGRESSIVE;
				CLANG_WARN_UNREACHABLE_CODE = YES;
				CLANG_WARN__DUPLICATE_METHOD_MATCH = YES;
				COPY_PHASE_STRIP = NO;
				DEBUG_INFORMATION_FORMAT = "dwarf-with-dsym";
				ENABLE_NS_ASSERTIONS = NO;
				ENABLE_STRICT_OBJC_MSGSEND = YES;
				ENABLE_USER_SCRIPT_SANDBOXING = YES;
				GCC_C_LANGUAGE_STANDARD = gnu17;
				GCC_NO_COMMON_BLOCKS = YES;
				GCC_WARN_64_TO_32_BIT_CONVERSION = YES;
				GCC_WARN_ABOUT_RETURN_TYPE = YES_ERROR;
				GCC_WARN_UNDECLARED_SELECTOR = YES;
				GCC_WARN_UNINITIALIZED_AUTOS = YES_AGGRESSIVE;
				GCC_WARN_UNUSED_FUNCTION = YES;
				GCC_WARN_UNUSED_VARIABLE = YES;
				IPHONEOS_DEPLOYMENT_TARGET = 17.4;
				LOCALIZATION_PREFERS_STRING_CATALOGS = YES;
				MTL_ENABLE_DEBUG_INFO = NO;
				MTL_FAST_MATH = YES;
				SDKROOT = iphoneos;
				SWIFT_COMPILATION_MODE = wholemodule;
				VALIDATE_PRODUCT = YES;
			};
			name = Release;
		};
		4604406F2BDD0B5D0000A13A /* Debug */ = {
			isa = XCBuildConfiguration;
			buildSettings = {
				ASSETCATALOG_COMPILER_APPICON_NAME = AppIcon;
				ASSETCATALOG_COMPILER_GLOBAL_ACCENT_COLOR_NAME = AccentColor;
				CODE_SIGN_STYLE = Automatic;
				CURRENT_PROJECT_VERSION = 1;
				DEVELOPMENT_ASSET_PATHS = "\"SwiftUIThinkingBootcamp/Preview Content\"";
				DEVELOPMENT_TEAM = 9P8FNHPWDK;
				ENABLE_PREVIEWS = YES;
				GENERATE_INFOPLIST_FILE = YES;
				INFOPLIST_KEY_UIApplicationSceneManifest_Generation = YES;
				INFOPLIST_KEY_UIApplicationSupportsIndirectInputEvents = YES;
				INFOPLIST_KEY_UILaunchScreen_Generation = YES;
				INFOPLIST_KEY_UISupportedInterfaceOrientations_iPad = "UIInterfaceOrientationPortrait UIInterfaceOrientationPortraitUpsideDown UIInterfaceOrientationLandscapeLeft UIInterfaceOrientationLandscapeRight";
				INFOPLIST_KEY_UISupportedInterfaceOrientations_iPhone = "UIInterfaceOrientationPortrait UIInterfaceOrientationLandscapeLeft UIInterfaceOrientationLandscapeRight";
				LD_RUNPATH_SEARCH_PATHS = (
					"$(inherited)",
					"@executable_path/Frameworks",
				);
				MARKETING_VERSION = 1.0;
				PRODUCT_BUNDLE_IDENTIFIER = com.owennguyen.SwiftUIThinkingBootcamp;
				PRODUCT_NAME = "$(TARGET_NAME)";
				SWIFT_EMIT_LOC_STRINGS = YES;
				SWIFT_VERSION = 5.0;
				TARGETED_DEVICE_FAMILY = "1,2";
			};
			name = Debug;
		};
		460440702BDD0B5D0000A13A /* Release */ = {
			isa = XCBuildConfiguration;
			buildSettings = {
				ASSETCATALOG_COMPILER_APPICON_NAME = AppIcon;
				ASSETCATALOG_COMPILER_GLOBAL_ACCENT_COLOR_NAME = AccentColor;
				CODE_SIGN_STYLE = Automatic;
				CURRENT_PROJECT_VERSION = 1;
				DEVELOPMENT_ASSET_PATHS = "\"SwiftUIThinkingBootcamp/Preview Content\"";
				DEVELOPMENT_TEAM = 9P8FNHPWDK;
				ENABLE_PREVIEWS = YES;
				GENERATE_INFOPLIST_FILE = YES;
				INFOPLIST_KEY_UIApplicationSceneManifest_Generation = YES;
				INFOPLIST_KEY_UIApplicationSupportsIndirectInputEvents = YES;
				INFOPLIST_KEY_UILaunchScreen_Generation = YES;
				INFOPLIST_KEY_UISupportedInterfaceOrientations_iPad = "UIInterfaceOrientationPortrait UIInterfaceOrientationPortraitUpsideDown UIInterfaceOrientationLandscapeLeft UIInterfaceOrientationLandscapeRight";
				INFOPLIST_KEY_UISupportedInterfaceOrientations_iPhone = "UIInterfaceOrientationPortrait UIInterfaceOrientationLandscapeLeft UIInterfaceOrientationLandscapeRight";
				LD_RUNPATH_SEARCH_PATHS = (
					"$(inherited)",
					"@executable_path/Frameworks",
				);
				MARKETING_VERSION = 1.0;
				PRODUCT_BUNDLE_IDENTIFIER = com.owennguyen.SwiftUIThinkingBootcamp;
				PRODUCT_NAME = "$(TARGET_NAME)";
				SWIFT_EMIT_LOC_STRINGS = YES;
				SWIFT_VERSION = 5.0;
				TARGETED_DEVICE_FAMILY = "1,2";
			};
			name = Release;
		};
/* End XCBuildConfiguration section */

/* Begin XCConfigurationList section */
		4604405B2BDD0B5B0000A13A /* Build configuration list for PBXProject "SwiftUIThinkingBootcamp" */ = {
			isa = XCConfigurationList;
			buildConfigurations = (
				4604406C2BDD0B5D0000A13A /* Debug */,
				4604406D2BDD0B5D0000A13A /* Release */,
			);
			defaultConfigurationIsVisible = 0;
			defaultConfigurationName = Release;
		};
		4604406E2BDD0B5D0000A13A /* Build configuration list for PBXNativeTarget "SwiftUIThinkingBootcamp" */ = {
			isa = XCConfigurationList;
			buildConfigurations = (
				4604406F2BDD0B5D0000A13A /* Debug */,
				460440702BDD0B5D0000A13A /* Release */,
			);
			defaultConfigurationIsVisible = 0;
			defaultConfigurationName = Release;
		};
/* End XCConfigurationList section */
	};
	rootObject = 460440582BDD0B5B0000A13A /* Project object */;
}
